// !$*UTF8*$!
{
	archiveVersion = 1;
	classes = {
	};
	objectVersion = 46;
	objects = {

/* Begin PBXBuildFile section */
		6A9DDD0D1A75362200BAD199 /* AppDelegate.swift in Sources */ = {isa = PBXBuildFile; fileRef = 6A9DDD0C1A75362200BAD199 /* AppDelegate.swift */; };
		6A9DDD0F1A75362200BAD199 /* ViewController.swift in Sources */ = {isa = PBXBuildFile; fileRef = 6A9DDD0E1A75362200BAD199 /* ViewController.swift */; };
		6A9DDD121A75362200BAD199 /* Main.storyboard in Resources */ = {isa = PBXBuildFile; fileRef = 6A9DDD101A75362200BAD199 /* Main.storyboard */; };
		6A9DDD141A75362200BAD199 /* Images.xcassets in Resources */ = {isa = PBXBuildFile; fileRef = 6A9DDD131A75362200BAD199 /* Images.xcassets */; };
		6A9DDD171A75362200BAD199 /* LaunchScreen.xib in Resources */ = {isa = PBXBuildFile; fileRef = 6A9DDD151A75362200BAD199 /* LaunchScreen.xib */; };
		6A9DDD231A75362200BAD199 /* HackerNewsTests.swift in Sources */ = {isa = PBXBuildFile; fileRef = 6A9DDD221A75362200BAD199 /* HackerNewsTests.swift */; };
		6A9DDD2E1A75363F00BAD199 /* temp.m in Sources */ = {isa = PBXBuildFile; fileRef = 6A9DDD2D1A75363F00BAD199 /* temp.m */; };
		6A9DDD301A75373200BAD199 /* Firebase.framework in Frameworks */ = {isa = PBXBuildFile; fileRef = 6A9DDD2F1A75373200BAD199 /* Firebase.framework */; settings = {ATTRIBUTES = (Required, ); }; };
		6A9DDD321A7538DF00BAD199 /* libc++.dylib in Frameworks */ = {isa = PBXBuildFile; fileRef = 6A9DDD311A7538DF00BAD199 /* libc++.dylib */; };
		6A9DDD341A75391200BAD199 /* CFNetwork.framework in Frameworks */ = {isa = PBXBuildFile; fileRef = 6A9DDD331A75391200BAD199 /* CFNetwork.framework */; };
		6A9DDD361A75395900BAD199 /* libicucore.dylib in Frameworks */ = {isa = PBXBuildFile; fileRef = 6A9DDD351A75395900BAD199 /* libicucore.dylib */; };
		6A9DDD381A75396B00BAD199 /* SystemConfiguration.framework in Frameworks */ = {isa = PBXBuildFile; fileRef = 6A9DDD371A75396B00BAD199 /* SystemConfiguration.framework */; };
		6A9DDD3A1A7571D800BAD199 /* TopStoriesController.swift in Sources */ = {isa = PBXBuildFile; fileRef = 6A9DDD391A7571D800BAD199 /* TopStoriesController.swift */; };
		6A9DDD3E1A76773000BAD199 /* StoryCell.swift in Sources */ = {isa = PBXBuildFile; fileRef = 6A9DDD3D1A76773000BAD199 /* StoryCell.swift */; };
/* End PBXBuildFile section */

/* Begin PBXContainerItemProxy section */
		6A9DDD1D1A75362200BAD199 /* PBXContainerItemProxy */ = {
			isa = PBXContainerItemProxy;
			containerPortal = 6A9DDCFF1A75362100BAD199 /* Project object */;
			proxyType = 1;
			remoteGlobalIDString = 6A9DDD061A75362200BAD199;
			remoteInfo = HackerNews;
		};
/* End PBXContainerItemProxy section */

/* Begin PBXFileReference section */
		6A9DDD071A75362200BAD199 /* HackerNews.app */ = {isa = PBXFileReference; explicitFileType = wrapper.application; includeInIndex = 0; path = HackerNews.app; sourceTree = BUILT_PRODUCTS_DIR; };
		6A9DDD0B1A75362200BAD199 /* Info.plist */ = {isa = PBXFileReference; lastKnownFileType = text.plist.xml; path = Info.plist; sourceTree = "<group>"; };
		6A9DDD0C1A75362200BAD199 /* AppDelegate.swift */ = {isa = PBXFileReference; lastKnownFileType = sourcecode.swift; path = AppDelegate.swift; sourceTree = "<group>"; };
		6A9DDD0E1A75362200BAD199 /* ViewController.swift */ = {isa = PBXFileReference; lastKnownFileType = sourcecode.swift; path = ViewController.swift; sourceTree = "<group>"; };
		6A9DDD111A75362200BAD199 /* Base */ = {isa = PBXFileReference; lastKnownFileType = file.storyboard; name = Base; path = Base.lproj/Main.storyboard; sourceTree = "<group>"; };
		6A9DDD131A75362200BAD199 /* Images.xcassets */ = {isa = PBXFileReference; lastKnownFileType = folder.assetcatalog; path = Images.xcassets; sourceTree = "<group>"; };
		6A9DDD161A75362200BAD199 /* Base */ = {isa = PBXFileReference; lastKnownFileType = file.xib; name = Base; path = Base.lproj/LaunchScreen.xib; sourceTree = "<group>"; };
		6A9DDD1C1A75362200BAD199 /* HackerNewsTests.xctest */ = {isa = PBXFileReference; explicitFileType = wrapper.cfbundle; includeInIndex = 0; path = HackerNewsTests.xctest; sourceTree = BUILT_PRODUCTS_DIR; };
		6A9DDD211A75362200BAD199 /* Info.plist */ = {isa = PBXFileReference; lastKnownFileType = text.plist.xml; path = Info.plist; sourceTree = "<group>"; };
		6A9DDD221A75362200BAD199 /* HackerNewsTests.swift */ = {isa = PBXFileReference; lastKnownFileType = sourcecode.swift; path = HackerNewsTests.swift; sourceTree = "<group>"; };
		6A9DDD2C1A75363E00BAD199 /* HackerNews-Bridging-Header.h */ = {isa = PBXFileReference; lastKnownFileType = sourcecode.c.h; path = "HackerNews-Bridging-Header.h"; sourceTree = "<group>"; };
		6A9DDD2D1A75363F00BAD199 /* temp.m */ = {isa = PBXFileReference; fileEncoding = 4; lastKnownFileType = sourcecode.c.objc; path = temp.m; sourceTree = "<group>"; };
		6A9DDD2F1A75373200BAD199 /* Firebase.framework */ = {isa = PBXFileReference; lastKnownFileType = wrapper.framework; name = Firebase.framework; path = ../../../Downloads/Softwares/Firebase.framework; sourceTree = "<group>"; };
		6A9DDD311A7538DF00BAD199 /* libc++.dylib */ = {isa = PBXFileReference; lastKnownFileType = "compiled.mach-o.dylib"; name = "libc++.dylib"; path = "usr/lib/libc++.dylib"; sourceTree = SDKROOT; };
		6A9DDD331A75391200BAD199 /* CFNetwork.framework */ = {isa = PBXFileReference; lastKnownFileType = wrapper.framework; name = CFNetwork.framework; path = System/Library/Frameworks/CFNetwork.framework; sourceTree = SDKROOT; };
		6A9DDD351A75395900BAD199 /* libicucore.dylib */ = {isa = PBXFileReference; lastKnownFileType = "compiled.mach-o.dylib"; name = libicucore.dylib; path = usr/lib/libicucore.dylib; sourceTree = SDKROOT; };
		6A9DDD371A75396B00BAD199 /* SystemConfiguration.framework */ = {isa = PBXFileReference; lastKnownFileType = wrapper.framework; name = SystemConfiguration.framework; path = System/Library/Frameworks/SystemConfiguration.framework; sourceTree = SDKROOT; };
		6A9DDD391A7571D800BAD199 /* TopStoriesController.swift */ = {isa = PBXFileReference; fileEncoding = 4; lastKnownFileType = sourcecode.swift; path = TopStoriesController.swift; sourceTree = "<group>"; };
		6A9DDD3D1A76773000BAD199 /* StoryCell.swift */ = {isa = PBXFileReference; fileEncoding = 4; lastKnownFileType = sourcecode.swift; path = StoryCell.swift; sourceTree = "<group>"; };
/* End PBXFileReference section */

/* Begin PBXFrameworksBuildPhase section */
		6A9DDD041A75362200BAD199 /* Frameworks */ = {
			isa = PBXFrameworksBuildPhase;
			buildActionMask = 2147483647;
			files = (
				6A9DDD381A75396B00BAD199 /* SystemConfiguration.framework in Frameworks */,
				6A9DDD361A75395900BAD199 /* libicucore.dylib in Frameworks */,
				6A9DDD341A75391200BAD199 /* CFNetwork.framework in Frameworks */,
				6A9DDD321A7538DF00BAD199 /* libc++.dylib in Frameworks */,
				6A9DDD301A75373200BAD199 /* Firebase.framework in Frameworks */,
			);
			runOnlyForDeploymentPostprocessing = 0;
		};
		6A9DDD191A75362200BAD199 /* Frameworks */ = {
			isa = PBXFrameworksBuildPhase;
			buildActionMask = 2147483647;
			files = (
			);
			runOnlyForDeploymentPostprocessing = 0;
		};
/* End PBXFrameworksBuildPhase section */

/* Begin PBXGroup section */
		6A9DDCFE1A75362100BAD199 = {
			isa = PBXGroup;
			children = (
				6A9DDD371A75396B00BAD199 /* SystemConfiguration.framework */,
				6A9DDD351A75395900BAD199 /* libicucore.dylib */,
				6A9DDD331A75391200BAD199 /* CFNetwork.framework */,
				6A9DDD311A7538DF00BAD199 /* libc++.dylib */,
				6A9DDD2F1A75373200BAD199 /* Firebase.framework */,
				6A9DDD2D1A75363F00BAD199 /* temp.m */,
				6A9DDD091A75362200BAD199 /* HackerNews */,
				6A9DDD1F1A75362200BAD199 /* HackerNewsTests */,
				6A9DDD081A75362200BAD199 /* Products */,
				6A9DDD2C1A75363E00BAD199 /* HackerNews-Bridging-Header.h */,
			);
			sourceTree = "<group>";
		};
		6A9DDD081A75362200BAD199 /* Products */ = {
			isa = PBXGroup;
			children = (
				6A9DDD071A75362200BAD199 /* HackerNews.app */,
				6A9DDD1C1A75362200BAD199 /* HackerNewsTests.xctest */,
			);
			name = Products;
			sourceTree = "<group>";
		};
		6A9DDD091A75362200BAD199 /* HackerNews */ = {
			isa = PBXGroup;
			children = (
				6A9DDD3D1A76773000BAD199 /* StoryCell.swift */,
				6A9DDD0C1A75362200BAD199 /* AppDelegate.swift */,
				6A9DDD0E1A75362200BAD199 /* ViewController.swift */,
				6A9DDD101A75362200BAD199 /* Main.storyboard */,
				6A9DDD391A7571D800BAD199 /* TopStoriesController.swift */,
				6A9DDD131A75362200BAD199 /* Images.xcassets */,
				6A9DDD151A75362200BAD199 /* LaunchScreen.xib */,
				6A9DDD0A1A75362200BAD199 /* Supporting Files */,
			);
			path = HackerNews;
			sourceTree = "<group>";
		};
		6A9DDD0A1A75362200BAD199 /* Supporting Files */ = {
			isa = PBXGroup;
			children = (
				6A9DDD0B1A75362200BAD199 /* Info.plist */,
			);
			name = "Supporting Files";
			sourceTree = "<group>";
		};
		6A9DDD1F1A75362200BAD199 /* HackerNewsTests */ = {
			isa = PBXGroup;
			children = (
				6A9DDD221A75362200BAD199 /* HackerNewsTests.swift */,
				6A9DDD201A75362200BAD199 /* Supporting Files */,
			);
			path = HackerNewsTests;
			sourceTree = "<group>";
		};
		6A9DDD201A75362200BAD199 /* Supporting Files */ = {
			isa = PBXGroup;
			children = (
				6A9DDD211A75362200BAD199 /* Info.plist */,
			);
			name = "Supporting Files";
			sourceTree = "<group>";
		};
/* End PBXGroup section */

/* Begin PBXNativeTarget section */
		6A9DDD061A75362200BAD199 /* HackerNews */ = {
			isa = PBXNativeTarget;
			buildConfigurationList = 6A9DDD261A75362200BAD199 /* Build configuration list for PBXNativeTarget "HackerNews" */;
			buildPhases = (
				6A9DDD031A75362200BAD199 /* Sources */,
				6A9DDD041A75362200BAD199 /* Frameworks */,
				6A9DDD051A75362200BAD199 /* Resources */,
			);
			buildRules = (
			);
			dependencies = (
			);
			name = HackerNews;
			productName = HackerNews;
			productReference = 6A9DDD071A75362200BAD199 /* HackerNews.app */;
			productType = "com.apple.product-type.application";
		};
		6A9DDD1B1A75362200BAD199 /* HackerNewsTests */ = {
			isa = PBXNativeTarget;
			buildConfigurationList = 6A9DDD291A75362200BAD199 /* Build configuration list for PBXNativeTarget "HackerNewsTests" */;
			buildPhases = (
				6A9DDD181A75362200BAD199 /* Sources */,
				6A9DDD191A75362200BAD199 /* Frameworks */,
				6A9DDD1A1A75362200BAD199 /* Resources */,
			);
			buildRules = (
			);
			dependencies = (
				6A9DDD1E1A75362200BAD199 /* PBXTargetDependency */,
			);
			name = HackerNewsTests;
			productName = HackerNewsTests;
			productReference = 6A9DDD1C1A75362200BAD199 /* HackerNewsTests.xctest */;
			productType = "com.apple.product-type.bundle.unit-test";
		};
/* End PBXNativeTarget section */

/* Begin PBXProject section */
		6A9DDCFF1A75362100BAD199 /* Project object */ = {
			isa = PBXProject;
			attributes = {
				LastUpgradeCheck = 0610;
				ORGANIZATIONNAME = "Saptarshi Chatterjee";
				TargetAttributes = {
					6A9DDD061A75362200BAD199 = {
						CreatedOnToolsVersion = 6.1.1;
					};
					6A9DDD1B1A75362200BAD199 = {
						CreatedOnToolsVersion = 6.1.1;
						TestTargetID = 6A9DDD061A75362200BAD199;
					};
				};
			};
			buildConfigurationList = 6A9DDD021A75362100BAD199 /* Build configuration list for PBXProject "HackerNews" */;
			compatibilityVersion = "Xcode 3.2";
			developmentRegion = English;
			hasScannedForEncodings = 0;
			knownRegions = (
				en,
				Base,
			);
			mainGroup = 6A9DDCFE1A75362100BAD199;
			productRefGroup = 6A9DDD081A75362200BAD199 /* Products */;
			projectDirPath = "";
			projectRoot = "";
			targets = (
				6A9DDD061A75362200BAD199 /* HackerNews */,
				6A9DDD1B1A75362200BAD199 /* HackerNewsTests */,
			);
		};
/* End PBXProject section */

/* Begin PBXResourcesBuildPhase section */
		6A9DDD051A75362200BAD199 /* Resources */ = {
			isa = PBXResourcesBuildPhase;
			buildActionMask = 2147483647;
			files = (
				6A9DDD121A75362200BAD199 /* Main.storyboard in Resources */,
				6A9DDD171A75362200BAD199 /* LaunchScreen.xib in Resources */,
				6A9DDD141A75362200BAD199 /* Images.xcassets in Resources */,
			);
			runOnlyForDeploymentPostprocessing = 0;
		};
		6A9DDD1A1A75362200BAD199 /* Resources */ = {
			isa = PBXResourcesBuildPhase;
			buildActionMask = 2147483647;
			files = (
			);
			runOnlyForDeploymentPostprocessing = 0;
		};
/* End PBXResourcesBuildPhase section */

/* Begin PBXSourcesBuildPhase section */
		6A9DDD031A75362200BAD199 /* Sources */ = {
			isa = PBXSourcesBuildPhase;
			buildActionMask = 2147483647;
			files = (
				6A9DDD2E1A75363F00BAD199 /* temp.m in Sources */,
				6A9DDD3A1A7571D800BAD199 /* TopStoriesController.swift in Sources */,
				6A9DDD0F1A75362200BAD199 /* ViewController.swift in Sources */,
				6A9DDD0D1A75362200BAD199 /* AppDelegate.swift in Sources */,
				6A9DDD3E1A76773000BAD199 /* StoryCell.swift in Sources */,
			);
			runOnlyForDeploymentPostprocessing = 0;
		};
		6A9DDD181A75362200BAD199 /* Sources */ = {
			isa = PBXSourcesBuildPhase;
			buildActionMask = 2147483647;
			files = (
				6A9DDD231A75362200BAD199 /* HackerNewsTests.swift in Sources */,
			);
			runOnlyForDeploymentPostprocessing = 0;
		};
/* End PBXSourcesBuildPhase section */

/* Begin PBXTargetDependency section */
		6A9DDD1E1A75362200BAD199 /* PBXTargetDependency */ = {
			isa = PBXTargetDependency;
			target = 6A9DDD061A75362200BAD199 /* HackerNews */;
			targetProxy = 6A9DDD1D1A75362200BAD199 /* PBXContainerItemProxy */;
		};
/* End PBXTargetDependency section */

/* Begin PBXVariantGroup section */
		6A9DDD101A75362200BAD199 /* Main.storyboard */ = {
			isa = PBXVariantGroup;
			children = (
				6A9DDD111A75362200BAD199 /* Base */,
			);
			name = Main.storyboard;
			sourceTree = "<group>";
		};
		6A9DDD151A75362200BAD199 /* LaunchScreen.xib */ = {
			isa = PBXVariantGroup;
			children = (
				6A9DDD161A75362200BAD199 /* Base */,
			);
			name = LaunchScreen.xib;
			sourceTree = "<group>";
		};
/* End PBXVariantGroup section */

/* Begin XCBuildConfiguration section */
		6A9DDD241A75362200BAD199 /* Debug */ = {
			isa = XCBuildConfiguration;
			buildSettings = {
				ALWAYS_SEARCH_USER_PATHS = NO;
				CLANG_CXX_LANGUAGE_STANDARD = "gnu++0x";
				CLANG_CXX_LIBRARY = "libc++";
				CLANG_ENABLE_MODULES = YES;
				CLANG_ENABLE_OBJC_ARC = YES;
				CLANG_WARN_BOOL_CONVERSION = YES;
				CLANG_WARN_CONSTANT_CONVERSION = YES;
				CLANG_WARN_DIRECT_OBJC_ISA_USAGE = YES_ERROR;
				CLANG_WARN_EMPTY_BODY = YES;
				CLANG_WARN_ENUM_CONVERSION = YES;
				CLANG_WARN_INT_CONVERSION = YES;
				CLANG_WARN_OBJC_ROOT_CLASS = YES_ERROR;
				CLANG_WARN_UNREACHABLE_CODE = YES;
				CLANG_WARN__DUPLICATE_METHOD_MATCH = YES;
				"CODE_SIGN_IDENTITY[sdk=iphoneos*]" = "iPhone Developer";
				COPY_PHASE_STRIP = NO;
				ENABLE_STRICT_OBJC_MSGSEND = YES;
				GCC_C_LANGUAGE_STANDARD = gnu99;
				GCC_DYNAMIC_NO_PIC = NO;
				GCC_OPTIMIZATION_LEVEL = 0;
				GCC_PREPROCESSOR_DEFINITIONS = (
					"DEBUG=1",
					"$(inherited)",
				);
				GCC_SYMBOLS_PRIVATE_EXTERN = NO;
				GCC_WARN_64_TO_32_BIT_CONVERSION = YES;
				GCC_WARN_ABOUT_RETURN_TYPE = YES_ERROR;
				GCC_WARN_UNDECLARED_SELECTOR = YES;
				GCC_WARN_UNINITIALIZED_AUTOS = YES_AGGRESSIVE;
				GCC_WARN_UNUSED_FUNCTION = YES;
				GCC_WARN_UNUSED_VARIABLE = YES;
				IPHONEOS_DEPLOYMENT_TARGET = 8.1;
				MTL_ENABLE_DEBUG_INFO = YES;
				ONLY_ACTIVE_ARCH = YES;
				SDKROOT = iphoneos;
				SWIFT_OPTIMIZATION_LEVEL = "-Onone";
				TARGETED_DEVICE_FAMILY = "1,2";
			};
			name = Debug;
		};
		6A9DDD251A75362200BAD199 /* Release */ = {
			isa = XCBuildConfiguration;
			buildSettings = {
				ALWAYS_SEARCH_USER_PATHS = NO;
				CLANG_CXX_LANGUAGE_STANDARD = "gnu++0x";
				CLANG_CXX_LIBRARY = "libc++";
				CLANG_ENABLE_MODULES = YES;
				CLANG_ENABLE_OBJC_ARC = YES;
				CLANG_WARN_BOOL_CONVERSION = YES;
				CLANG_WARN_CONSTANT_CONVERSION = YES;
				CLANG_WARN_DIRECT_OBJC_ISA_USAGE = YES_ERROR;
				CLANG_WARN_EMPTY_BODY = YES;
				CLANG_WARN_ENUM_CONVERSION = YES;
				CLANG_WARN_INT_CONVERSION = YES;
				CLANG_WARN_OBJC_ROOT_CLASS = YES_ERROR;
				CLANG_WARN_UNREACHABLE_CODE = YES;
				CLANG_WARN__DUPLICATE_METHOD_MATCH = YES;
				"CODE_SIGN_IDENTITY[sdk=iphoneos*]" = "iPhone Developer";
				COPY_PHASE_STRIP = YES;
				ENABLE_NS_ASSERTIONS = NO;
				ENABLE_STRICT_OBJC_MSGSEND = YES;
				GCC_C_LANGUAGE_STANDARD = gnu99;
				GCC_WARN_64_TO_32_BIT_CONVERSION = YES;
				GCC_WARN_ABOUT_RETURN_TYPE = YES_ERROR;
				GCC_WARN_UNDECLARED_SELECTOR = YES;
				GCC_WARN_UNINITIALIZED_AUTOS = YES_AGGRESSIVE;
				GCC_WARN_UNUSED_FUNCTION = YES;
				GCC_WARN_UNUSED_VARIABLE = YES;
				IPHONEOS_DEPLOYMENT_TARGET = 8.1;
				MTL_ENABLE_DEBUG_INFO = NO;
				SDKROOT = iphoneos;
				TARGETED_DEVICE_FAMILY = "1,2";
				VALIDATE_PRODUCT = YES;
			};
			name = Release;
		};
		6A9DDD271A75362200BAD199 /* Debug */ = {
			isa = XCBuildConfiguration;
			buildSettings = {
				ASSETCATALOG_COMPILER_APPICON_NAME = AppIcon;
				CLANG_ENABLE_MODULES = YES;
				FRAMEWORK_SEARCH_PATHS = (
					"$(inherited)",
					/Users/saptarshichatterjee/Downloads/Softwares,
				);
				INFOPLIST_FILE = HackerNews/Info.plist;
				LD_RUNPATH_SEARCH_PATHS = "$(inherited) @executable_path/Frameworks";
				OTHER_LDFLAGS = "-ObjC";
				PRODUCT_NAME = "$(TARGET_NAME)";
				SWIFT_OBJC_BRIDGING_HEADER = "HackerNews-Bridging-Header.h";
				SWIFT_OPTIMIZATION_LEVEL = "-Onone";
			};
			name = Debug;
		};
		6A9DDD281A75362200BAD199 /* Release */ = {
			isa = XCBuildConfiguration;
			buildSettings = {
				ASSETCATALOG_COMPILER_APPICON_NAME = AppIcon;
				CLANG_ENABLE_MODULES = YES;
				FRAMEWORK_SEARCH_PATHS = (
					"$(inherited)",
					/Users/saptarshichatterjee/Downloads/Softwares,
				);
				INFOPLIST_FILE = HackerNews/Info.plist;
				LD_RUNPATH_SEARCH_PATHS = "$(inherited) @executable_path/Frameworks";
				OTHER_LDFLAGS = "-ObjC";
				PRODUCT_NAME = "$(TARGET_NAME)";
				SWIFT_OBJC_BRIDGING_HEADER = "HackerNews-Bridging-Header.h";
			};
			name = Release;
		};
		6A9DDD2A1A75362200BAD199 /* Debug */ = {
			isa = XCBuildConfiguration;
			buildSettings = {
				BUNDLE_LOADER = "$(TEST_HOST)";
				FRAMEWORK_SEARCH_PATHS = (
					"$(SDKROOT)/Developer/Library/Frameworks",
					"$(inherited)",
				);
				GCC_PREPROCESSOR_DEFINITIONS = (
					"DEBUG=1",
					"$(inherited)",
				);
				INFOPLIST_FILE = HackerNewsTests/Info.plist;
				LD_RUNPATH_SEARCH_PATHS = "$(inherited) @executable_path/Frameworks @loader_path/Frameworks";
				PRODUCT_NAME = "$(TARGET_NAME)";
				TEST_HOST = "$(BUILT_PRODUCTS_DIR)/HackerNews.app/HackerNews";
			};
			name = Debug;
		};
		6A9DDD2B1A75362200BAD199 /* Release */ = {
			isa = XCBuildConfiguration;
			buildSettings = {
				BUNDLE_LOADER = "$(TEST_HOST)";
				FRAMEWORK_SEARCH_PATHS = (
					"$(SDKROOT)/Developer/Library/Frameworks",
					"$(inherited)",
				);
				INFOPLIST_FILE = HackerNewsTests/Info.plist;
				LD_RUNPATH_SEARCH_PATHS = "$(inherited) @executable_path/Frameworks @loader_path/Frameworks";
				PRODUCT_NAME = "$(TARGET_NAME)";
				TEST_HOST = "$(BUILT_PRODUCTS_DIR)/HackerNews.app/HackerNews";
			};
			name = Release;
		};
/* End XCBuildConfiguration section */

/* Begin XCConfigurationList section */
		6A9DDD021A75362100BAD199 /* Build configuration list for PBXProject "HackerNews" */ = {
			isa = XCConfigurationList;
			buildConfigurations = (
				6A9DDD241A75362200BAD199 /* Debug */,
				6A9DDD251A75362200BAD199 /* Release */,
			);
			defaultConfigurationIsVisible = 0;
			defaultConfigurationName = Release;
		};
		6A9DDD261A75362200BAD199 /* Build configuration list for PBXNativeTarget "HackerNews" */ = {
			isa = XCConfigurationList;
			buildConfigurations = (
				6A9DDD271A75362200BAD199 /* Debug */,
				6A9DDD281A75362200BAD199 /* Release */,
			);
			defaultConfigurationIsVisible = 0;
			defaultConfigurationName = Release;
		};
		6A9DDD291A75362200BAD199 /* Build configuration list for PBXNativeTarget "HackerNewsTests" */ = {
			isa = XCConfigurationList;
			buildConfigurations = (
				6A9DDD2A1A75362200BAD199 /* Debug */,
				6A9DDD2B1A75362200BAD199 /* Release */,
			);
			defaultConfigurationIsVisible = 0;
			defaultConfigurationName = Release;
		};
/* End XCConfigurationList section */
	};
	rootObject = 6A9DDCFF1A75362100BAD199 /* Project object */;
}
